
Microsoft Visual Studio Solution File, Format Version 12.00
# Visual Studio 15
Project("{FAE04EC0-301F-11D3-BF4B-00C04F79EFBC}") = "whatsinmyplate.Android", "whatsinmyplate.Android\whatsinmyplate.Android.csproj", "{46E3B47A-833F-48B2-8903-78ABE1E094C1}"
EndProject
Project("{FAE04EC0-301F-11D3-BF4B-00C04F79EFBC}") = "whatsinmyplate.iOS", "whatsinmyplate.iOS\whatsinmyplate.iOS.csproj", "{7A10A2C4-14E5-4580-8E77-149A20C8A531}"
EndProject
Project("{FAE04EC0-301F-11D3-BF4B-00C04F79EFBC}") = "whatsinmyplate.UITests", "whatsinmyplate.UITests\whatsinmyplate.UITests.csproj", "{436F461C-54D8-4002-B847-4C8B7875DBC6}"
EndProject
Project("{FAE04EC0-301F-11D3-BF4B-00C04F79EFBC}") = "whatsinmyplate", "whatsinmyplate\whatsinmyplate.csproj", "{47921F2A-A423-4100-BE8E-1D8F0D0F15F3}"
EndProject
Global
	GlobalSection(SolutionConfigurationPlatforms) = preSolution
		Debug|Any CPU = Debug|Any CPU
		Release|Any CPU = Release|Any CPU
		Debug|iPhoneSimulator = Debug|iPhoneSimulator
		Release|iPhoneSimulator = Release|iPhoneSimulator
		Debug|iPhone = Debug|iPhone
		Release|iPhone = Release|iPhone
	EndGlobalSection
	GlobalSection(ProjectConfigurationPlatforms) = postSolution
		{46E3B47A-833F-48B2-8903-78ABE1E094C1}.Debug|Any CPU.ActiveCfg = Debug|Any CPU
		{46E3B47A-833F-48B2-8903-78ABE1E094C1}.Debug|Any CPU.Build.0 = Debug|Any CPU
		{46E3B47A-833F-48B2-8903-78ABE1E094C1}.Release|Any CPU.ActiveCfg = Release|Any CPU
		{46E3B47A-833F-48B2-8903-78ABE1E094C1}.Release|Any CPU.Build.0 = Release|Any CPU
		{46E3B47A-833F-48B2-8903-78ABE1E094C1}.Debug|iPhoneSimulator.ActiveCfg = Debug|Any CPU
		{46E3B47A-833F-48B2-8903-78ABE1E094C1}.Debug|iPhoneSimulator.Build.0 = Debug|Any CPU
		{46E3B47A-833F-48B2-8903-78ABE1E094C1}.Release|iPhoneSimulator.ActiveCfg = Release|Any CPU
		{46E3B47A-833F-48B2-8903-78ABE1E094C1}.Release|iPhoneSimulator.Build.0 = Release|Any CPU
		{46E3B47A-833F-48B2-8903-78ABE1E094C1}.Debug|iPhone.ActiveCfg = Debug|Any CPU
		{46E3B47A-833F-48B2-8903-78ABE1E094C1}.Debug|iPhone.Build.0 = Debug|Any CPU
		{46E3B47A-833F-48B2-8903-78ABE1E094C1}.Release|iPhone.ActiveCfg = Release|Any CPU
		{46E3B47A-833F-48B2-8903-78ABE1E094C1}.Release|iPhone.Build.0 = Release|Any CPU
		{7A10A2C4-14E5-4580-8E77-149A20C8A531}.Debug|Any CPU.ActiveCfg = Debug|iPhoneSimulator
		{7A10A2C4-14E5-4580-8E77-149A20C8A531}.Debug|Any CPU.Build.0 = Debug|iPhoneSimulator
		{7A10A2C4-14E5-4580-8E77-149A20C8A531}.Release|Any CPU.ActiveCfg = Release|iPhoneSimulator
		{7A10A2C4-14E5-4580-8E77-149A20C8A531}.Release|Any CPU.Build.0 = Release|iPhoneSimulator
		{7A10A2C4-14E5-4580-8E77-149A20C8A531}.Debug|iPhoneSimulator.ActiveCfg = Debug|iPhoneSimulator
		{7A10A2C4-14E5-4580-8E77-149A20C8A531}.Debug|iPhoneSimulator.Build.0 = Debug|iPhoneSimulator
		{7A10A2C4-14E5-4580-8E77-149A20C8A531}.Release|iPhoneSimulator.ActiveCfg = Release|iPhoneSimulator
		{7A10A2C4-14E5-4580-8E77-149A20C8A531}.Release|iPhoneSimulator.Build.0 = Release|iPhoneSimulator
		{7A10A2C4-14E5-4580-8E77-149A20C8A531}.Debug|iPhone.ActiveCfg = Debug|iPhone
		{7A10A2C4-14E5-4580-8E77-149A20C8A531}.Debug|iPhone.Build.0 = Debug|iPhone
		{7A10A2C4-14E5-4580-8E77-149A20C8A531}.Release|iPhone.ActiveCfg = Release|iPhone
		{7A10A2C4-14E5-4580-8E77-149A20C8A531}.Release|iPhone.Build.0 = Release|iPhone
		{436F461C-54D8-4002-B847-4C8B7875DBC6}.Debug|Any CPU.ActiveCfg = Debug|Any CPU
		{436F461C-54D8-4002-B847-4C8B7875DBC6}.Debug|Any CPU.Build.0 = Debug|Any CPU
		{436F461C-54D8-4002-B847-4C8B7875DBC6}.Release|Any CPU.ActiveCfg = Release|Any CPU
		{436F461C-54D8-4002-B847-4C8B7875DBC6}.Release|Any CPU.Build.0 = Release|Any CPU
		{436F461C-54D8-4002-B847-4C8B7875DBC6}.Debug|iPhoneSimulator.ActiveCfg = Debug|Any CPU
		{436F461C-54D8-4002-B847-4C8B7875DBC6}.Debug|iPhoneSimulator.Build.0 = Debug|Any CPU
		{436F461C-54D8-4002-B847-4C8B7875DBC6}.Release|iPhoneSimulator.ActiveCfg = Release|Any CPU
		{436F461C-54D8-4002-B847-4C8B7875DBC6}.Release|iPhoneSimulator.Build.0 = Release|Any CPU
		{436F461C-54D8-4002-B847-4C8B7875DBC6}.Debug|iPhone.ActiveCfg = Debug|Any CPU
		{436F461C-54D8-4002-B847-4C8B7875DBC6}.Debug|iPhone.Build.0 = Debug|Any CPU
		{436F461C-54D8-4002-B847-4C8B7875DBC6}.Release|iPhone.ActiveCfg = Release|Any CPU
		{436F461C-54D8-4002-B847-4C8B7875DBC6}.Release|iPhone.Build.0 = Release|Any CPU
		{47921F2A-A423-4100-BE8E-1D8F0D0F15F3}.Debug|Any CPU.ActiveCfg = Debug|Any CPU
		{47921F2A-A423-4100-BE8E-1D8F0D0F15F3}.Debug|Any CPU.Build.0 = Debug|Any CPU
		{47921F2A-A423-4100-BE8E-1D8F0D0F15F3}.Release|Any CPU.ActiveCfg = Release|Any CPU
		{47921F2A-A423-4100-BE8E-1D8F0D0F15F3}.Release|Any CPU.Build.0 = Release|Any CPU
		{47921F2A-A423-4100-BE8E-1D8F0D0F15F3}.Debug|iPhoneSimulator.ActiveCfg = Debug|Any CPU
		{47921F2A-A423-4100-BE8E-1D8F0D0F15F3}.Debug|iPhoneSimulator.Build.0 = Debug|Any CPU
		{47921F2A-A423-4100-BE8E-1D8F0D0F15F3}.Release|iPhoneSimulator.ActiveCfg = Release|Any CPU
		{47921F2A-A423-4100-BE8E-1D8F0D0F15F3}.Release|iPhoneSimulator.Build.0 = Release|Any CPU
		{47921F2A-A423-4100-BE8E-1D8F0D0F15F3}.Debug|iPhone.ActiveCfg = Debug|Any CPU
		{47921F2A-A423-4100-BE8E-1D8F0D0F15F3}.Debug|iPhone.Build.0 = Debug|Any CPU
		{47921F2A-A423-4100-BE8E-1D8F0D0F15F3}.Release|iPhone.ActiveCfg = Release|Any CPU
		{47921F2A-A423-4100-BE8E-1D8F0D0F15F3}.Release|iPhone.Build.0 = Release|Any CPU
	EndGlobalSection
EndGlobal
